
Microsoft Visual Studio Solution File, Format Version 12.00
# Visual Studio Version 16
VisualStudioVersion = 16.0.33027.164
MinimumVisualStudioVersion = 10.0.40219.1
Project("{FAE04EC0-301F-11D3-BF4B-00C04F79EFBC}") = "Trabajo_10_JaenCarlo", "Trabajo_10_JaenCarlo\Trabajo_10_JaenCarlo.csproj", "{3CB97AC3-E92C-469A-B5C7-2A70FA0B16F7}"
EndProject
Global
	GlobalSection(SolutionConfigurationPlatforms) = preSolution
		Debug|Any CPU = Debug|Any CPU
		Release|Any CPU = Release|Any CPU
	EndGlobalSection
	GlobalSection(ProjectConfigurationPlatforms) = postSolution
		{3CB97AC3-E92C-469A-B5C7-2A70FA0B16F7}.Debug|Any CPU.ActiveCfg = Debug|Any CPU
		{3CB97AC3-E92C-469A-B5C7-2A70FA0B16F7}.Debug|Any CPU.Build.0 = Debug|Any CPU
		{3CB97AC3-E92C-469A-B5C7-2A70FA0B16F7}.Release|Any CPU.ActiveCfg = Release|Any CPU
		{3CB97AC3-E92C-469A-B5C7-2A70FA0B16F7}.Release|Any CPU.Build.0 = Release|Any CPU
	EndGlobalSection
	GlobalSection(SolutionProperties) = preSolution
		HideSolutionNode = FALSE
	EndGlobalSection
	GlobalSection(ExtensibilityGlobals) = postSolution
		SolutionGuid = {8DE97891-BE12-4B42-8D0E-185FD0E06512}
	EndGlobalSection
EndGlobal
